
Microsoft Visual Studio Solution File, Format Version 12.00
# Visual Studio Version 17
VisualStudioVersion = 17.11.35312.102
MinimumVisualStudioVersion = 10.0.40219.1
Project("{FAE04EC0-301F-11D3-BF4B-00C04F79EFBC}") = "WebApplication8", "WebApplication8\WebApplication8.csproj", "{1C3919D7-1D1A-42BB-9B22-EFB8D3455EA8}"
EndProject
Global
	GlobalSection(SolutionConfigurationPlatforms) = preSolution
		Debug|Any CPU = Debug|Any CPU
		Release|Any CPU = Release|Any CPU
	EndGlobalSection
	GlobalSection(ProjectConfigurationPlatforms) = postSolution
		{1C3919D7-1D1A-42BB-9B22-EFB8D3455EA8}.Debug|Any CPU.ActiveCfg = Debug|Any CPU
		{1C3919D7-1D1A-42BB-9B22-EFB8D3455EA8}.Debug|Any CPU.Build.0 = Debug|Any CPU
		{1C3919D7-1D1A-42BB-9B22-EFB8D3455EA8}.Release|Any CPU.ActiveCfg = Release|Any CPU
		{1C3919D7-1D1A-42BB-9B22-EFB8D3455EA8}.Release|Any CPU.Build.0 = Release|Any CPU
	EndGlobalSection
	GlobalSection(SolutionProperties) = preSolution
		HideSolutionNode = FALSE
	EndGlobalSection
	GlobalSection(ExtensibilityGlobals) = postSolution
		SolutionGuid = {EACFD25A-8612-42E4-8494-2B99A3D3864D}
	EndGlobalSection
EndGlobal
